
Microsoft Visual Studio Solution File, Format Version 12.00
# Visual Studio Version 16
VisualStudioVersion = 16.0.29709.97
MinimumVisualStudioVersion = 10.0.40219.1
Project("{FAE04EC0-301F-11D3-BF4B-00C04F79EFBC}") = "AStar", "AStar\AStar.csproj", "{862D62F2-E391-4EBF-B0D6-9326DD4A307F}"
EndProject
Global
	GlobalSection(SolutionConfigurationPlatforms) = preSolution
		Debug|Any CPU = Debug|Any CPU
		Release|Any CPU = Release|Any CPU
	EndGlobalSection
	GlobalSection(ProjectConfigurationPlatforms) = postSolution
		{862D62F2-E391-4EBF-B0D6-9326DD4A307F}.Debug|Any CPU.ActiveCfg = Debug|Any CPU
		{862D62F2-E391-4EBF-B0D6-9326DD4A307F}.Debug|Any CPU.Build.0 = Debug|Any CPU
		{862D62F2-E391-4EBF-B0D6-9326DD4A307F}.Release|Any CPU.ActiveCfg = Release|Any CPU
		{862D62F2-E391-4EBF-B0D6-9326DD4A307F}.Release|Any CPU.Build.0 = Release|Any CPU
	EndGlobalSection
	GlobalSection(SolutionProperties) = preSolution
		HideSolutionNode = FALSE
	EndGlobalSection
	GlobalSection(ExtensibilityGlobals) = postSolution
		SolutionGuid = {6C34FF87-4C58-438D-8BA3-EE3B238A2D2B}
	EndGlobalSection
EndGlobal
