
Microsoft Visual Studio Solution File, Format Version 12.00
# Visual Studio Version 16
VisualStudioVersion = 16.0.29609.76
MinimumVisualStudioVersion = 10.0.40219.1
Project("{9A19103F-16F7-4668-BE54-9A1E7A4F7556}") = "database_csharp", "database_csharp.csproj", "{18FD58A7-F73E-4CEB-8D3D-34E810782125}"
EndProject
Project("{FAE04EC0-301F-11D3-BF4B-00C04F79EFBC}") = "database_csharp_tests", "..\database_csharp_tests\database_csharp_tests.csproj", "{6DC52520-B845-4245-B585-72899265FC2E}"
EndProject
Global
	GlobalSection(SolutionConfigurationPlatforms) = preSolution
		Debug|Any CPU = Debug|Any CPU
		Release|Any CPU = Release|Any CPU
	EndGlobalSection
	GlobalSection(ProjectConfigurationPlatforms) = postSolution
		{18FD58A7-F73E-4CEB-8D3D-34E810782125}.Debug|Any CPU.ActiveCfg = Debug|Any CPU
		{18FD58A7-F73E-4CEB-8D3D-34E810782125}.Debug|Any CPU.Build.0 = Debug|Any CPU
		{18FD58A7-F73E-4CEB-8D3D-34E810782125}.Release|Any CPU.ActiveCfg = Release|Any CPU
		{18FD58A7-F73E-4CEB-8D3D-34E810782125}.Release|Any CPU.Build.0 = Release|Any CPU
		{6DC52520-B845-4245-B585-72899265FC2E}.Debug|Any CPU.ActiveCfg = Debug|Any CPU
		{6DC52520-B845-4245-B585-72899265FC2E}.Debug|Any CPU.Build.0 = Debug|Any CPU
		{6DC52520-B845-4245-B585-72899265FC2E}.Release|Any CPU.ActiveCfg = Release|Any CPU
		{6DC52520-B845-4245-B585-72899265FC2E}.Release|Any CPU.Build.0 = Release|Any CPU
	EndGlobalSection
	GlobalSection(SolutionProperties) = preSolution
		HideSolutionNode = FALSE
	EndGlobalSection
	GlobalSection(ExtensibilityGlobals) = postSolution
		SolutionGuid = {06818D4B-EC53-4E22-B030-3B1E48E7ED2A}
	EndGlobalSection
EndGlobal
